
Microsoft Visual Studio Solution File, Format Version 11.00
# Visual Studio 2010
Project("{FAE04EC0-301F-11D3-BF4B-00C04F79EFBC}") = "Assembly-CSharp", "Assembly-CSharp.csproj", "{B21F468D-EC2B-2E79-8A52-81A6FC88E3A5}"
EndProject
Project("{FAE04EC0-301F-11D3-BF4B-00C04F79EFBC}") = "Assembly-CSharp-firstpass", "Assembly-CSharp-firstpass.csproj", "{9BD5904F-896B-B5BC-475F-E0F33343E66E}"
EndProject
Global
	GlobalSection(SolutionConfigurationPlatforms) = preSolution
		Debug|Any CPU = Debug|Any CPU
		Release|Any CPU = Release|Any CPU
	EndGlobalSection
	GlobalSection(ProjectConfigurationPlatforms) = postSolution
		{B21F468D-EC2B-2E79-8A52-81A6FC88E3A5}.Debug|Any CPU.ActiveCfg = Debug|Any CPU
		{B21F468D-EC2B-2E79-8A52-81A6FC88E3A5}.Debug|Any CPU.Build.0 = Debug|Any CPU
		{B21F468D-EC2B-2E79-8A52-81A6FC88E3A5}.Release|Any CPU.ActiveCfg = Release|Any CPU
		{B21F468D-EC2B-2E79-8A52-81A6FC88E3A5}.Release|Any CPU.Build.0 = Release|Any CPU
		{9BD5904F-896B-B5BC-475F-E0F33343E66E}.Debug|Any CPU.ActiveCfg = Debug|Any CPU
		{9BD5904F-896B-B5BC-475F-E0F33343E66E}.Debug|Any CPU.Build.0 = Debug|Any CPU
		{9BD5904F-896B-B5BC-475F-E0F33343E66E}.Release|Any CPU.ActiveCfg = Release|Any CPU
		{9BD5904F-896B-B5BC-475F-E0F33343E66E}.Release|Any CPU.Build.0 = Release|Any CPU
	EndGlobalSection
	GlobalSection(SolutionProperties) = preSolution
		HideSolutionNode = FALSE
	EndGlobalSection
	GlobalSection(MonoDevelopProperties) = preSolution
		StartupItem = Assembly-CSharp.csproj
	EndGlobalSection
EndGlobal
